
Microsoft Visual Studio Solution File, Format Version 11.00
# Visual Studio 2010
Project("{FAE04EC0-301F-11D3-BF4B-00C04F79EFBC}") = "Assembly-CSharp", "Assembly-CSharp.csproj", "{8186DDEB-232C-3112-C0CF-87F84CE8DEE9}"
EndProject
Global
	GlobalSection(SolutionConfigurationPlatforms) = preSolution
		Debug|Any CPU = Debug|Any CPU
		Release|Any CPU = Release|Any CPU
	EndGlobalSection
	GlobalSection(ProjectConfigurationPlatforms) = postSolution
		{8186DDEB-232C-3112-C0CF-87F84CE8DEE9}.Debug|Any CPU.ActiveCfg = Debug|Any CPU
		{8186DDEB-232C-3112-C0CF-87F84CE8DEE9}.Debug|Any CPU.Build.0 = Debug|Any CPU
		{8186DDEB-232C-3112-C0CF-87F84CE8DEE9}.Release|Any CPU.ActiveCfg = Release|Any CPU
		{8186DDEB-232C-3112-C0CF-87F84CE8DEE9}.Release|Any CPU.Build.0 = Release|Any CPU
	EndGlobalSection
	GlobalSection(SolutionProperties) = preSolution
		HideSolutionNode = FALSE
	EndGlobalSection
	GlobalSection(MonoDevelopProperties) = preSolution
		StartupItem = Assembly-CSharp.csproj
	EndGlobalSection
EndGlobal
